
Microsoft Visual Studio Solution File, Format Version 12.00
# Visual Studio Version 16
VisualStudioVersion = 16.0.35731.53
MinimumVisualStudioVersion = 10.0.40219.1
Project("{FAE04EC0-301F-11D3-BF4B-00C04F79EFBC}") = "Forms", "Forms\Forms.csproj", "{1027C266-CBE2-48E6-A5E7-D14B2E5FF843}"
EndProject
Project("{FAE04EC0-301F-11D3-BF4B-00C04F79EFBC}") = "SqlAccess", "DataAccess\SqlAccess.csproj", "{678CD852-F072-46A3-84E7-D457DC356843}"
EndProject
Project("{FAE04EC0-301F-11D3-BF4B-00C04F79EFBC}") = "Model", "Model\Model.csproj", "{8E5DE032-C624-47FA-90AD-20BA5F773361}"
EndProject
Project("{FAE04EC0-301F-11D3-BF4B-00C04F79EFBC}") = "InnerEvents", "InnerEvents\InnerEvents.csproj", "{99302D7E-1EA1-4A25-BA78-963B167ED457}"
EndProject
Project("{FAE04EC0-301F-11D3-BF4B-00C04F79EFBC}") = "QMBaseClass", "..\..\QMBaseClass_2.10\QMBaseClass\QMBaseClass.csproj", "{47466646-AF6C-47F2-B1C4-87551371A40C}"
EndProject
Global
	GlobalSection(SolutionConfigurationPlatforms) = preSolution
		Debug|Any CPU = Debug|Any CPU
		Release|Any CPU = Release|Any CPU
	EndGlobalSection
	GlobalSection(ProjectConfigurationPlatforms) = postSolution
		{1027C266-CBE2-48E6-A5E7-D14B2E5FF843}.Debug|Any CPU.ActiveCfg = Debug|Any CPU
		{1027C266-CBE2-48E6-A5E7-D14B2E5FF843}.Debug|Any CPU.Build.0 = Debug|Any CPU
		{1027C266-CBE2-48E6-A5E7-D14B2E5FF843}.Release|Any CPU.ActiveCfg = Release|Any CPU
		{1027C266-CBE2-48E6-A5E7-D14B2E5FF843}.Release|Any CPU.Build.0 = Release|Any CPU
		{678CD852-F072-46A3-84E7-D457DC356843}.Debug|Any CPU.ActiveCfg = Debug|Any CPU
		{678CD852-F072-46A3-84E7-D457DC356843}.Debug|Any CPU.Build.0 = Debug|Any CPU
		{678CD852-F072-46A3-84E7-D457DC356843}.Release|Any CPU.ActiveCfg = Release|Any CPU
		{678CD852-F072-46A3-84E7-D457DC356843}.Release|Any CPU.Build.0 = Release|Any CPU
		{8E5DE032-C624-47FA-90AD-20BA5F773361}.Debug|Any CPU.ActiveCfg = Debug|Any CPU
		{8E5DE032-C624-47FA-90AD-20BA5F773361}.Debug|Any CPU.Build.0 = Debug|Any CPU
		{8E5DE032-C624-47FA-90AD-20BA5F773361}.Release|Any CPU.ActiveCfg = Release|Any CPU
		{8E5DE032-C624-47FA-90AD-20BA5F773361}.Release|Any CPU.Build.0 = Release|Any CPU
		{99302D7E-1EA1-4A25-BA78-963B167ED457}.Debug|Any CPU.ActiveCfg = Debug|Any CPU
		{99302D7E-1EA1-4A25-BA78-963B167ED457}.Debug|Any CPU.Build.0 = Debug|Any CPU
		{99302D7E-1EA1-4A25-BA78-963B167ED457}.Release|Any CPU.ActiveCfg = Release|Any CPU
		{99302D7E-1EA1-4A25-BA78-963B167ED457}.Release|Any CPU.Build.0 = Release|Any CPU
		{47466646-AF6C-47F2-B1C4-87551371A40C}.Debug|Any CPU.ActiveCfg = Debug|Any CPU
		{47466646-AF6C-47F2-B1C4-87551371A40C}.Debug|Any CPU.Build.0 = Debug|Any CPU
		{47466646-AF6C-47F2-B1C4-87551371A40C}.Release|Any CPU.ActiveCfg = Release|Any CPU
		{47466646-AF6C-47F2-B1C4-87551371A40C}.Release|Any CPU.Build.0 = Release|Any CPU
	EndGlobalSection
	GlobalSection(SolutionProperties) = preSolution
		HideSolutionNode = FALSE
	EndGlobalSection
	GlobalSection(ExtensibilityGlobals) = postSolution
		SolutionGuid = {EDAF6B96-3F04-4FA2-BF0C-CF5EC31D724C}
	EndGlobalSection
EndGlobal
